
Microsoft Visual Studio Solution File, Format Version 12.00
# Visual Studio Version 16
VisualStudioVersion = 16.0.32630.194
MinimumVisualStudioVersion = 10.0.40219.1
Project("{FAE04EC0-301F-11D3-BF4B-00C04F79EFBC}") = "FifthTry.Android", "FifthTry\FifthTry.Android\FifthTry.Android.csproj", "{7F685FB6-DC33-4B41-8394-38BF70E073DC}"
EndProject
Project("{FAE04EC0-301F-11D3-BF4B-00C04F79EFBC}") = "FifthTry.iOS", "FifthTry\FifthTry.iOS\FifthTry.iOS.csproj", "{9088BFE1-99BE-405B-8416-0ED6CBCB4F7F}"
EndProject
Project("{FAE04EC0-301F-11D3-BF4B-00C04F79EFBC}") = "FifthTry", "FifthTry\FifthTry\FifthTry.csproj", "{EDC46851-237F-49C1-AFD0-7F3CFFE2571E}"
EndProject
Global
	GlobalSection(SolutionConfigurationPlatforms) = preSolution
		Debug|Any CPU = Debug|Any CPU
		Debug|iPhone = Debug|iPhone
		Debug|iPhoneSimulator = Debug|iPhoneSimulator
		Release|Any CPU = Release|Any CPU
		Release|iPhone = Release|iPhone
		Release|iPhoneSimulator = Release|iPhoneSimulator
	EndGlobalSection
	GlobalSection(ProjectConfigurationPlatforms) = postSolution
		{7F685FB6-DC33-4B41-8394-38BF70E073DC}.Debug|Any CPU.ActiveCfg = Debug|Any CPU
		{7F685FB6-DC33-4B41-8394-38BF70E073DC}.Debug|Any CPU.Build.0 = Debug|Any CPU
		{7F685FB6-DC33-4B41-8394-38BF70E073DC}.Debug|Any CPU.Deploy.0 = Debug|Any CPU
		{7F685FB6-DC33-4B41-8394-38BF70E073DC}.Debug|iPhone.ActiveCfg = Debug|Any CPU
		{7F685FB6-DC33-4B41-8394-38BF70E073DC}.Debug|iPhone.Build.0 = Debug|Any CPU
		{7F685FB6-DC33-4B41-8394-38BF70E073DC}.Debug|iPhone.Deploy.0 = Debug|Any CPU
		{7F685FB6-DC33-4B41-8394-38BF70E073DC}.Debug|iPhoneSimulator.ActiveCfg = Debug|Any CPU
		{7F685FB6-DC33-4B41-8394-38BF70E073DC}.Debug|iPhoneSimulator.Build.0 = Debug|Any CPU
		{7F685FB6-DC33-4B41-8394-38BF70E073DC}.Debug|iPhoneSimulator.Deploy.0 = Debug|Any CPU
		{7F685FB6-DC33-4B41-8394-38BF70E073DC}.Release|Any CPU.ActiveCfg = Release|Any CPU
		{7F685FB6-DC33-4B41-8394-38BF70E073DC}.Release|Any CPU.Build.0 = Release|Any CPU
		{7F685FB6-DC33-4B41-8394-38BF70E073DC}.Release|Any CPU.Deploy.0 = Release|Any CPU
		{7F685FB6-DC33-4B41-8394-38BF70E073DC}.Release|iPhone.ActiveCfg = Release|Any CPU
		{7F685FB6-DC33-4B41-8394-38BF70E073DC}.Release|iPhone.Build.0 = Release|Any CPU
		{7F685FB6-DC33-4B41-8394-38BF70E073DC}.Release|iPhone.Deploy.0 = Release|Any CPU
		{7F685FB6-DC33-4B41-8394-38BF70E073DC}.Release|iPhoneSimulator.ActiveCfg = Release|Any CPU
		{7F685FB6-DC33-4B41-8394-38BF70E073DC}.Release|iPhoneSimulator.Build.0 = Release|Any CPU
		{7F685FB6-DC33-4B41-8394-38BF70E073DC}.Release|iPhoneSimulator.Deploy.0 = Release|Any CPU
		{9088BFE1-99BE-405B-8416-0ED6CBCB4F7F}.Debug|Any CPU.ActiveCfg = Debug|iPhone
		{9088BFE1-99BE-405B-8416-0ED6CBCB4F7F}.Debug|Any CPU.Build.0 = Debug|iPhone
		{9088BFE1-99BE-405B-8416-0ED6CBCB4F7F}.Debug|Any CPU.Deploy.0 = Debug|iPhone
		{9088BFE1-99BE-405B-8416-0ED6CBCB4F7F}.Debug|iPhone.ActiveCfg = Debug|iPhone
		{9088BFE1-99BE-405B-8416-0ED6CBCB4F7F}.Debug|iPhone.Build.0 = Debug|iPhone
		{9088BFE1-99BE-405B-8416-0ED6CBCB4F7F}.Debug|iPhone.Deploy.0 = Debug|iPhone
		{9088BFE1-99BE-405B-8416-0ED6CBCB4F7F}.Debug|iPhoneSimulator.ActiveCfg = Debug|iPhoneSimulator
		{9088BFE1-99BE-405B-8416-0ED6CBCB4F7F}.Debug|iPhoneSimulator.Build.0 = Debug|iPhoneSimulator
		{9088BFE1-99BE-405B-8416-0ED6CBCB4F7F}.Debug|iPhoneSimulator.Deploy.0 = Debug|iPhoneSimulator
		{9088BFE1-99BE-405B-8416-0ED6CBCB4F7F}.Release|Any CPU.ActiveCfg = Release|iPhoneSimulator
		{9088BFE1-99BE-405B-8416-0ED6CBCB4F7F}.Release|Any CPU.Build.0 = Release|iPhoneSimulator
		{9088BFE1-99BE-405B-8416-0ED6CBCB4F7F}.Release|Any CPU.Deploy.0 = Release|iPhoneSimulator
		{9088BFE1-99BE-405B-8416-0ED6CBCB4F7F}.Release|iPhone.ActiveCfg = Release|iPhone
		{9088BFE1-99BE-405B-8416-0ED6CBCB4F7F}.Release|iPhone.Build.0 = Release|iPhone
		{9088BFE1-99BE-405B-8416-0ED6CBCB4F7F}.Release|iPhone.Deploy.0 = Release|iPhone
		{9088BFE1-99BE-405B-8416-0ED6CBCB4F7F}.Release|iPhoneSimulator.ActiveCfg = Release|iPhoneSimulator
		{9088BFE1-99BE-405B-8416-0ED6CBCB4F7F}.Release|iPhoneSimulator.Build.0 = Release|iPhoneSimulator
		{9088BFE1-99BE-405B-8416-0ED6CBCB4F7F}.Release|iPhoneSimulator.Deploy.0 = Release|iPhoneSimulator
		{EDC46851-237F-49C1-AFD0-7F3CFFE2571E}.Debug|Any CPU.ActiveCfg = Debug|Any CPU
		{EDC46851-237F-49C1-AFD0-7F3CFFE2571E}.Debug|Any CPU.Build.0 = Debug|Any CPU
		{EDC46851-237F-49C1-AFD0-7F3CFFE2571E}.Debug|Any CPU.Deploy.0 = Debug|Any CPU
		{EDC46851-237F-49C1-AFD0-7F3CFFE2571E}.Debug|iPhone.ActiveCfg = Debug|Any CPU
		{EDC46851-237F-49C1-AFD0-7F3CFFE2571E}.Debug|iPhone.Build.0 = Debug|Any CPU
		{EDC46851-237F-49C1-AFD0-7F3CFFE2571E}.Debug|iPhone.Deploy.0 = Debug|Any CPU
		{EDC46851-237F-49C1-AFD0-7F3CFFE2571E}.Debug|iPhoneSimulator.ActiveCfg = Debug|Any CPU
		{EDC46851-237F-49C1-AFD0-7F3CFFE2571E}.Debug|iPhoneSimulator.Build.0 = Debug|Any CPU
		{EDC46851-237F-49C1-AFD0-7F3CFFE2571E}.Debug|iPhoneSimulator.Deploy.0 = Debug|Any CPU
		{EDC46851-237F-49C1-AFD0-7F3CFFE2571E}.Release|Any CPU.ActiveCfg = Release|Any CPU
		{EDC46851-237F-49C1-AFD0-7F3CFFE2571E}.Release|Any CPU.Build.0 = Release|Any CPU
		{EDC46851-237F-49C1-AFD0-7F3CFFE2571E}.Release|Any CPU.Deploy.0 = Release|Any CPU
		{EDC46851-237F-49C1-AFD0-7F3CFFE2571E}.Release|iPhone.ActiveCfg = Release|Any CPU
		{EDC46851-237F-49C1-AFD0-7F3CFFE2571E}.Release|iPhone.Build.0 = Release|Any CPU
		{EDC46851-237F-49C1-AFD0-7F3CFFE2571E}.Release|iPhone.Deploy.0 = Release|Any CPU
		{EDC46851-237F-49C1-AFD0-7F3CFFE2571E}.Release|iPhoneSimulator.ActiveCfg = Release|Any CPU
		{EDC46851-237F-49C1-AFD0-7F3CFFE2571E}.Release|iPhoneSimulator.Build.0 = Release|Any CPU
		{EDC46851-237F-49C1-AFD0-7F3CFFE2571E}.Release|iPhoneSimulator.Deploy.0 = Release|Any CPU
	EndGlobalSection
	GlobalSection(SolutionProperties) = preSolution
		HideSolutionNode = FALSE
	EndGlobalSection
	GlobalSection(ExtensibilityGlobals) = postSolution
		SolutionGuid = {87E9E29B-2211-46F9-970B-78F6D31E813A}
	EndGlobalSection
EndGlobal
